schema: '2.0'
stages:
  data_ingestion:
    cmd: python src/cnnClassifier/pipeline/stage_01_data_ingestion.py
    deps:
    - path: config/config.yaml
      hash: md5
      md5: 65ad2c93080ba518501b2d8b87a60bde
      size: 796
    - path: src/cnnClassifier/pipeline/stage_01_data_ingestion.py
      hash: md5
      md5: 4c7900da57a551de841ce8d44f62ba6e
      size: 907
    outs:
    - path: artifacts/data_ingestion/Chicken-fecal-images
      hash: md5
      md5: 9e1f8dd2eae3c29e9d635df89d438ae4.dir
      size: 12207807
      nfiles: 390
  prepare_base_model:
    cmd: python src/cnnClassifier/pipeline/stage_02_prepare_base_model.py
    deps:
    - path: config/config.yaml
      hash: md5
      md5: 65ad2c93080ba518501b2d8b87a60bde
      size: 796
    - path: src/cnnClassifier/pipeline/stage_02_prepare_base_model.py
      hash: md5
      md5: dd6f32a04e70093fcc4073cb138cdef2
      size: 997
    params:
      params.yaml:
        CLASSES: 2
        IMAGE_SIZE:
        - 224
        - 224
        - 3
        INCLUDE_TOP: false
        LEARNING_RATE: 0.01
        WEIGHTS: imagenet
    outs:
    - path: artifacts/prepare_base_model
      hash: md5
      md5: fcf0b6203ae93c703a382035f0c9c263.dir
      size: 118059248
      nfiles: 2
  training:
    cmd: python src/cnnClassifier/pipeline/stage_03_training.py
    deps:
    - path: artifacts/data_ingestion/Chicken-fecal-images
      hash: md5
      md5: 9e1f8dd2eae3c29e9d635df89d438ae4.dir
      size: 12207807
      nfiles: 390
    - path: artifacts/prepare_base_model
      hash: md5
      md5: fcf0b6203ae93c703a382035f0c9c263.dir
      size: 118059248
      nfiles: 2
    - path: config/config.yaml
      hash: md5
      md5: 65ad2c93080ba518501b2d8b87a60bde
      size: 796
    - path: src/cnnClassifier/components/prepare_callbacks.py
      hash: md5
      md5: 87ce9f04bf0dffa6d1c1fd2fdf929e72
      size: 1066
    - path: src/cnnClassifier/pipeline/stage_03_training.py
      hash: md5
      md5: 6d175d258582f74afd665db4fbf967d9
      size: 1246
    params:
      params.yaml:
        AUGMENTATION: true
        BATCH_SIZE: 16
        EPOCHS: 10
        IMAGE_SIZE:
        - 224
        - 224
        - 3
    outs:
    - path: artifacts/training/model.h5
      hash: md5
      md5: 2dd505559fe769e8c252757a4f0ca4c3
      size: 59340720
  evaluation:
    cmd: python src/cnnClassifier/pipeline/stage_04_evaluation.py
    deps:
    - path: artifacts/data_ingestion/Chicken-fecal-images
      hash: md5
      md5: 9e1f8dd2eae3c29e9d635df89d438ae4.dir
      size: 12207807
      nfiles: 390
    - path: artifacts/training/model.h5
      hash: md5
      md5: 2dd505559fe769e8c252757a4f0ca4c3
      size: 59340720
    - path: config/config.yaml
      hash: md5
      md5: 65ad2c93080ba518501b2d8b87a60bde
      size: 796
    - path: src/cnnClassifier/pipeline/stage_04_evaluation.py
      hash: md5
      md5: e9156f662b8bc357ff210a8f74393083
      size: 883
    params:
      params.yaml:
        BATCH_SIZE: 16
        IMAGE_SIZE:
        - 224
        - 224
        - 3
    outs:
    - path: scores.json
      hash: md5
      md5: bb26be6adcacb30dd016af11447ed2e6
      size: 73
